
Microsoft Visual Studio Solution File, Format Version 12.00
# Visual Studio Version 17
VisualStudioVersion = 17.4.33122.133
MinimumVisualStudioVersion = 10.0.40219.1
Project("{9A19103F-16F7-4668-BE54-9A1E7A4F7556}") = "Binance.FiatToTerra", "Binance.Net.FiatToTerra\Binance.FiatToTerra.csproj", "{61EB26A9-B830-426E-A1E5-0F4527C301E9}"
EndProject
Project("{FAE04EC0-301F-11D3-BF4B-00C04F79EFBC}") = "Binance.Net.FiatToTerra.Tests", "Binance.Net.FiatToTerra.Tests\Binance.Net.FiatToTerra.Tests.csproj", "{959BBBDD-7035-40B6-AB1B-A5E7D153E1BF}"
EndProject
Global
	GlobalSection(SolutionConfigurationPlatforms) = preSolution
		Debug|Any CPU = Debug|Any CPU
		Release|Any CPU = Release|Any CPU
	EndGlobalSection
	GlobalSection(ProjectConfigurationPlatforms) = postSolution
		{61EB26A9-B830-426E-A1E5-0F4527C301E9}.Debug|Any CPU.ActiveCfg = Debug|Any CPU
		{61EB26A9-B830-426E-A1E5-0F4527C301E9}.Debug|Any CPU.Build.0 = Debug|Any CPU
		{61EB26A9-B830-426E-A1E5-0F4527C301E9}.Release|Any CPU.ActiveCfg = Release|Any CPU
		{61EB26A9-B830-426E-A1E5-0F4527C301E9}.Release|Any CPU.Build.0 = Release|Any CPU
		{959BBBDD-7035-40B6-AB1B-A5E7D153E1BF}.Debug|Any CPU.ActiveCfg = Debug|Any CPU
		{959BBBDD-7035-40B6-AB1B-A5E7D153E1BF}.Debug|Any CPU.Build.0 = Debug|Any CPU
		{959BBBDD-7035-40B6-AB1B-A5E7D153E1BF}.Release|Any CPU.ActiveCfg = Release|Any CPU
		{959BBBDD-7035-40B6-AB1B-A5E7D153E1BF}.Release|Any CPU.Build.0 = Release|Any CPU
	EndGlobalSection
	GlobalSection(SolutionProperties) = preSolution
		HideSolutionNode = FALSE
	EndGlobalSection
	GlobalSection(ExtensibilityGlobals) = postSolution
		SolutionGuid = {33FA5712-5608-434B-B556-5FA99D4ACF02}
	EndGlobalSection
EndGlobal
